
Microsoft Visual Studio Solution File, Format Version 11.00
# Visual Studio 2010
Project("{8BC9CEB8-8B4A-11D0-8D11-00A0C91BC942}") = "mini_hammer", "mini_hammer\mini_hammer.vcxproj", "{B0331EDA-BD1F-431C-A9E8-E8DBC482D821}"
EndProject
Global
	GlobalSection(SolutionConfigurationPlatforms) = preSolution
		Debug|Win32 = Debug|Win32
		Release|Win32 = Release|Win32
	EndGlobalSection
	GlobalSection(ProjectConfigurationPlatforms) = postSolution
		{B0331EDA-BD1F-431C-A9E8-E8DBC482D821}.Debug|Win32.ActiveCfg = Debug|Win32
		{B0331EDA-BD1F-431C-A9E8-E8DBC482D821}.Debug|Win32.Build.0 = Debug|Win32
		{B0331EDA-BD1F-431C-A9E8-E8DBC482D821}.Release|Win32.ActiveCfg = Release|Win32
		{B0331EDA-BD1F-431C-A9E8-E8DBC482D821}.Release|Win32.Build.0 = Release|Win32
	EndGlobalSection
	GlobalSection(SolutionProperties) = preSolution
		HideSolutionNode = FALSE
	EndGlobalSection
EndGlobal
